// !$*UTF8*$!
{
	archiveVersion = 1;
	classes = {
	};
	objectVersion = 48;
	objects = {

/* Begin PBXBuildFile section */
		02E613911FFD7D790030F485 /* AppDelegate.swift in Sources */ = {isa = PBXBuildFile; fileRef = 02E613901FFD7D790030F485 /* AppDelegate.swift */; };
		02E613931FFD7D790030F485 /* Document.swift in Sources */ = {isa = PBXBuildFile; fileRef = 02E613921FFD7D790030F485 /* Document.swift */; };
		02E613981FFD7D790030F485 /* Assets.xcassets in Resources */ = {isa = PBXBuildFile; fileRef = 02E613971FFD7D790030F485 /* Assets.xcassets */; };
		02E613A71FFD7D7A0030F485 /* OrienteerTests.swift in Sources */ = {isa = PBXBuildFile; fileRef = 02E613A61FFD7D7A0030F485 /* OrienteerTests.swift */; };
		02E613B21FFD7D7A0030F485 /* OrienteerUITests.swift in Sources */ = {isa = PBXBuildFile; fileRef = 02E613B11FFD7D7A0030F485 /* OrienteerUITests.swift */; };
		02E613CD1FFD7EF70030F485 /* GPXKit.framework in Frameworks */ = {isa = PBXBuildFile; fileRef = 02E613C41FFD7EF60030F485 /* GPXKit.framework */; };
		02E613D61FFD7EF70030F485 /* GPXKit.h in Headers */ = {isa = PBXBuildFile; fileRef = 02E613C61FFD7EF60030F485 /* GPXKit.h */; settings = {ATTRIBUTES = (Public, ); }; };
		02E613D91FFD7EF70030F485 /* GPXKit.framework in Frameworks */ = {isa = PBXBuildFile; fileRef = 02E613C41FFD7EF60030F485 /* GPXKit.framework */; };
		02E613DA1FFD7EF70030F485 /* GPXKit.framework in Embed Frameworks */ = {isa = PBXBuildFile; fileRef = 02E613C41FFD7EF60030F485 /* GPXKit.framework */; settings = {ATTRIBUTES = (CodeSignOnCopy, RemoveHeadersOnCopy, ); }; };
		02E613F71FFD7F860030F485 /* GPXParser.swift in Sources */ = {isa = PBXBuildFile; fileRef = 02E613E31FFD7F860030F485 /* GPXParser.swift */; };
		02E613F81FFD7F860030F485 /* GPXParserDelegate.swift in Sources */ = {isa = PBXBuildFile; fileRef = 02E613E41FFD7F860030F485 /* GPXParserDelegate.swift */; };
		02E613F91FFD7F860030F485 /* GPXExtensionParser.swift in Sources */ = {isa = PBXBuildFile; fileRef = 02E613E51FFD7F860030F485 /* GPXExtensionParser.swift */; };
		02E613FA1FFD7F860030F485 /* GPXElement.swift in Sources */ = {isa = PBXBuildFile; fileRef = 02E613E61FFD7F860030F485 /* GPXElement.swift */; };
		02E613FB1FFD7F860030F485 /* GarminTrackPointExtensionParser.swift in Sources */ = {isa = PBXBuildFile; fileRef = 02E613E81FFD7F860030F485 /* GarminTrackPointExtensionParser.swift */; };
		02E613FC1FFD7F860030F485 /* GarminTrackPointExtension.swift in Sources */ = {isa = PBXBuildFile; fileRef = 02E613E91FFD7F860030F485 /* GarminTrackPointExtension.swift */; };
		02E613FD1FFD7F860030F485 /* Metadata.swift in Sources */ = {isa = PBXBuildFile; fileRef = 02E613EB1FFD7F860030F485 /* Metadata.swift */; };
		02E613FE1FFD7F860030F485 /* FixType.swift in Sources */ = {isa = PBXBuildFile; fileRef = 02E613EC1FFD7F860030F485 /* FixType.swift */; };
		02E613FF1FFD7F860030F485 /* Track.swift in Sources */ = {isa = PBXBuildFile; fileRef = 02E613ED1FFD7F860030F485 /* Track.swift */; };
		02E614001FFD7F860030F485 /* Bounds.swift in Sources */ = {isa = PBXBuildFile; fileRef = 02E613EE1FFD7F860030F485 /* Bounds.swift */; };
		02E614011FFD7F860030F485 /* WayPoint.swift in Sources */ = {isa = PBXBuildFile; fileRef = 02E613EF1FFD7F860030F485 /* WayPoint.swift */; };
		02E614021FFD7F860030F485 /* Person.swift in Sources */ = {isa = PBXBuildFile; fileRef = 02E613F01FFD7F860030F485 /* Person.swift */; };
		02E614031FFD7F860030F485 /* Link.swift in Sources */ = {isa = PBXBuildFile; fileRef = 02E613F11FFD7F860030F485 /* Link.swift */; };
		02E614041FFD7F860030F485 /* Copyright.swift in Sources */ = {isa = PBXBuildFile; fileRef = 02E613F21FFD7F860030F485 /* Copyright.swift */; };
		02E614051FFD7F860030F485 /* Segment.swift in Sources */ = {isa = PBXBuildFile; fileRef = 02E613F31FFD7F860030F485 /* Segment.swift */; };
		02E614061FFD7F860030F485 /* GPSData.swift in Sources */ = {isa = PBXBuildFile; fileRef = 02E613F41FFD7F860030F485 /* GPSData.swift */; };
		02E614071FFD7F860030F485 /* GPXExtension.swift in Sources */ = {isa = PBXBuildFile; fileRef = 02E613F51FFD7F860030F485 /* GPXExtension.swift */; };
		02E614081FFD7F860030F485 /* Route.swift in Sources */ = {isa = PBXBuildFile; fileRef = 02E613F61FFD7F860030F485 /* Route.swift */; };
		02E6140B1FFD7FB00030F485 /* GPXKitTests.swift in Sources */ = {isa = PBXBuildFile; fileRef = 02E6140A1FFD7FB00030F485 /* GPXKitTests.swift */; };
		02E6140E1FFD7FBC0030F485 /* Orienteringsloop_Amerongse_Berg_9km.gpx in Resources */ = {isa = PBXBuildFile; fileRef = 02E6140D1FFD7FBC0030F485 /* Orienteringsloop_Amerongse_Berg_9km.gpx */; };
		02E614111FFD81580030F485 /* Document.xib in Resources */ = {isa = PBXBuildFile; fileRef = 02E614101FFD81570030F485 /* Document.xib */; };
		02E614131FFD819B0030F485 /* MainMenu.xib in Resources */ = {isa = PBXBuildFile; fileRef = 02E614121FFD819B0030F485 /* MainMenu.xib */; };
/* End PBXBuildFile section */

/* Begin PBXContainerItemProxy section */
		02E613A31FFD7D7A0030F485 /* PBXContainerItemProxy */ = {
			isa = PBXContainerItemProxy;
			containerPortal = 02E613851FFD7D790030F485 /* Project object */;
			proxyType = 1;
			remoteGlobalIDString = 02E6138C1FFD7D790030F485;
			remoteInfo = Orienteer;
		};
		02E613AE1FFD7D7A0030F485 /* PBXContainerItemProxy */ = {
			isa = PBXContainerItemProxy;
			containerPortal = 02E613851FFD7D790030F485 /* Project object */;
			proxyType = 1;
			remoteGlobalIDString = 02E6138C1FFD7D790030F485;
			remoteInfo = Orienteer;
		};
		02E613CE1FFD7EF70030F485 /* PBXContainerItemProxy */ = {
			isa = PBXContainerItemProxy;
			containerPortal = 02E613851FFD7D790030F485 /* Project object */;
			proxyType = 1;
			remoteGlobalIDString = 02E613C31FFD7EF60030F485;
			remoteInfo = GPXKit;
		};
		02E613D01FFD7EF70030F485 /* PBXContainerItemProxy */ = {
			isa = PBXContainerItemProxy;
			containerPortal = 02E613851FFD7D790030F485 /* Project object */;
			proxyType = 1;
			remoteGlobalIDString = 02E6138C1FFD7D790030F485;
			remoteInfo = Orienteer;
		};
		02E613D71FFD7EF70030F485 /* PBXContainerItemProxy */ = {
			isa = PBXContainerItemProxy;
			containerPortal = 02E613851FFD7D790030F485 /* Project object */;
			proxyType = 1;
			remoteGlobalIDString = 02E613C31FFD7EF60030F485;
			remoteInfo = GPXKit;
		};
/* End PBXContainerItemProxy section */

/* Begin PBXCopyFilesBuildPhase section */
		02E613E01FFD7EF70030F485 /* Embed Frameworks */ = {
			isa = PBXCopyFilesBuildPhase;
			buildActionMask = 2147483647;
			dstPath = "";
			dstSubfolderSpec = 10;
			files = (
				02E613DA1FFD7EF70030F485 /* GPXKit.framework in Embed Frameworks */,
			);
			name = "Embed Frameworks";
			runOnlyForDeploymentPostprocessing = 0;
		};
/* End PBXCopyFilesBuildPhase section */

/* Begin PBXFileReference section */
		02E6138D1FFD7D790030F485 /* Orienteer.app */ = {isa = PBXFileReference; explicitFileType = wrapper.application; includeInIndex = 0; path = Orienteer.app; sourceTree = BUILT_PRODUCTS_DIR; };
		02E613901FFD7D790030F485 /* AppDelegate.swift */ = {isa = PBXFileReference; lastKnownFileType = sourcecode.swift; path = AppDelegate.swift; sourceTree = "<group>"; };
		02E613921FFD7D790030F485 /* Document.swift */ = {isa = PBXFileReference; lastKnownFileType = sourcecode.swift; path = Document.swift; sourceTree = "<group>"; };
		02E613971FFD7D790030F485 /* Assets.xcassets */ = {isa = PBXFileReference; lastKnownFileType = folder.assetcatalog; path = Assets.xcassets; sourceTree = "<group>"; };
		02E6139C1FFD7D7A0030F485 /* Info.plist */ = {isa = PBXFileReference; lastKnownFileType = text.plist.xml; path = Info.plist; sourceTree = "<group>"; };
		02E6139D1FFD7D7A0030F485 /* Orienteer.entitlements */ = {isa = PBXFileReference; lastKnownFileType = text.plist.entitlements; path = Orienteer.entitlements; sourceTree = "<group>"; };
		02E613A21FFD7D7A0030F485 /* OrienteerTests.xctest */ = {isa = PBXFileReference; explicitFileType = wrapper.cfbundle; includeInIndex = 0; path = OrienteerTests.xctest; sourceTree = BUILT_PRODUCTS_DIR; };
		02E613A61FFD7D7A0030F485 /* OrienteerTests.swift */ = {isa = PBXFileReference; lastKnownFileType = sourcecode.swift; path = OrienteerTests.swift; sourceTree = "<group>"; };
		02E613A81FFD7D7A0030F485 /* Info.plist */ = {isa = PBXFileReference; lastKnownFileType = text.plist.xml; path = Info.plist; sourceTree = "<group>"; };
		02E613AD1FFD7D7A0030F485 /* OrienteerUITests.xctest */ = {isa = PBXFileReference; explicitFileType = wrapper.cfbundle; includeInIndex = 0; path = OrienteerUITests.xctest; sourceTree = BUILT_PRODUCTS_DIR; };
		02E613B11FFD7D7A0030F485 /* OrienteerUITests.swift */ = {isa = PBXFileReference; lastKnownFileType = sourcecode.swift; path = OrienteerUITests.swift; sourceTree = "<group>"; };
		02E613B31FFD7D7A0030F485 /* Info.plist */ = {isa = PBXFileReference; lastKnownFileType = text.plist.xml; path = Info.plist; sourceTree = "<group>"; };
		02E613C41FFD7EF60030F485 /* GPXKit.framework */ = {isa = PBXFileReference; explicitFileType = wrapper.framework; includeInIndex = 0; path = GPXKit.framework; sourceTree = BUILT_PRODUCTS_DIR; };
		02E613C61FFD7EF60030F485 /* GPXKit.h */ = {isa = PBXFileReference; lastKnownFileType = sourcecode.c.h; path = GPXKit.h; sourceTree = "<group>"; };
		02E613C71FFD7EF60030F485 /* Info.plist */ = {isa = PBXFileReference; lastKnownFileType = text.plist.xml; path = Info.plist; sourceTree = "<group>"; };
		02E613CC1FFD7EF60030F485 /* GPXKitTests.xctest */ = {isa = PBXFileReference; explicitFileType = wrapper.cfbundle; includeInIndex = 0; path = GPXKitTests.xctest; sourceTree = BUILT_PRODUCTS_DIR; };
		02E613D51FFD7EF70030F485 /* Info.plist */ = {isa = PBXFileReference; lastKnownFileType = text.plist.xml; path = Info.plist; sourceTree = "<group>"; };
		02E613E31FFD7F860030F485 /* GPXParser.swift */ = {isa = PBXFileReference; fileEncoding = 4; lastKnownFileType = sourcecode.swift; path = GPXParser.swift; sourceTree = "<group>"; };
		02E613E41FFD7F860030F485 /* GPXParserDelegate.swift */ = {isa = PBXFileReference; fileEncoding = 4; lastKnownFileType = sourcecode.swift; path = GPXParserDelegate.swift; sourceTree = "<group>"; };
		02E613E51FFD7F860030F485 /* GPXExtensionParser.swift */ = {isa = PBXFileReference; fileEncoding = 4; lastKnownFileType = sourcecode.swift; path = GPXExtensionParser.swift; sourceTree = "<group>"; };
		02E613E61FFD7F860030F485 /* GPXElement.swift */ = {isa = PBXFileReference; fileEncoding = 4; lastKnownFileType = sourcecode.swift; path = GPXElement.swift; sourceTree = "<group>"; };
		02E613E81FFD7F860030F485 /* GarminTrackPointExtensionParser.swift */ = {isa = PBXFileReference; fileEncoding = 4; lastKnownFileType = sourcecode.swift; path = GarminTrackPointExtensionParser.swift; sourceTree = "<group>"; };
		02E613E91FFD7F860030F485 /* GarminTrackPointExtension.swift */ = {isa = PBXFileReference; fileEncoding = 4; lastKnownFileType = sourcecode.swift; path = GarminTrackPointExtension.swift; sourceTree = "<group>"; };
		02E613EB1FFD7F860030F485 /* Metadata.swift */ = {isa = PBXFileReference; fileEncoding = 4; lastKnownFileType = sourcecode.swift; path = Metadata.swift; sourceTree = "<group>"; };
		02E613EC1FFD7F860030F485 /* FixType.swift */ = {isa = PBXFileReference; fileEncoding = 4; lastKnownFileType = sourcecode.swift; path = FixType.swift; sourceTree = "<group>"; };
		02E613ED1FFD7F860030F485 /* Track.swift */ = {isa = PBXFileReference; fileEncoding = 4; lastKnownFileType = sourcecode.swift; path = Track.swift; sourceTree = "<group>"; };
		02E613EE1FFD7F860030F485 /* Bounds.swift */ = {isa = PBXFileReference; fileEncoding = 4; lastKnownFileType = sourcecode.swift; path = Bounds.swift; sourceTree = "<group>"; };
		02E613EF1FFD7F860030F485 /* WayPoint.swift */ = {isa = PBXFileReference; fileEncoding = 4; lastKnownFileType = sourcecode.swift; path = WayPoint.swift; sourceTree = "<group>"; };
		02E613F01FFD7F860030F485 /* Person.swift */ = {isa = PBXFileReference; fileEncoding = 4; lastKnownFileType = sourcecode.swift; path = Person.swift; sourceTree = "<group>"; };
		02E613F11FFD7F860030F485 /* Link.swift */ = {isa = PBXFileReference; fileEncoding = 4; lastKnownFileType = sourcecode.swift; path = Link.swift; sourceTree = "<group>"; };
		02E613F21FFD7F860030F485 /* Copyright.swift */ = {isa = PBXFileReference; fileEncoding = 4; lastKnownFileType = sourcecode.swift; path = Copyright.swift; sourceTree = "<group>"; };
		02E613F31FFD7F860030F485 /* Segment.swift */ = {isa = PBXFileReference; fileEncoding = 4; lastKnownFileType = sourcecode.swift; path = Segment.swift; sourceTree = "<group>"; };
		02E613F41FFD7F860030F485 /* GPSData.swift */ = {isa = PBXFileReference; fileEncoding = 4; lastKnownFileType = sourcecode.swift; path = GPSData.swift; sourceTree = "<group>"; };
		02E613F51FFD7F860030F485 /* GPXExtension.swift */ = {isa = PBXFileReference; fileEncoding = 4; lastKnownFileType = sourcecode.swift; path = GPXExtension.swift; sourceTree = "<group>"; };
		02E613F61FFD7F860030F485 /* Route.swift */ = {isa = PBXFileReference; fileEncoding = 4; lastKnownFileType = sourcecode.swift; path = Route.swift; sourceTree = "<group>"; };
		02E614091FFD7FB00030F485 /* GPXKitTests-Bridging-Header.h */ = {isa = PBXFileReference; lastKnownFileType = sourcecode.c.h; path = "GPXKitTests-Bridging-Header.h"; sourceTree = "<group>"; };
		02E6140A1FFD7FB00030F485 /* GPXKitTests.swift */ = {isa = PBXFileReference; fileEncoding = 4; lastKnownFileType = sourcecode.swift; path = GPXKitTests.swift; sourceTree = "<group>"; };
		02E6140D1FFD7FBC0030F485 /* Orienteringsloop_Amerongse_Berg_9km.gpx */ = {isa = PBXFileReference; fileEncoding = 4; lastKnownFileType = text.xml; path = Orienteringsloop_Amerongse_Berg_9km.gpx; sourceTree = "<group>"; };
		02E614101FFD81570030F485 /* Document.xib */ = {isa = PBXFileReference; fileEncoding = 4; lastKnownFileType = file.xib; path = Document.xib; sourceTree = "<group>"; };
		02E614121FFD819B0030F485 /* MainMenu.xib */ = {isa = PBXFileReference; fileEncoding = 4; lastKnownFileType = file.xib; path = MainMenu.xib; sourceTree = "<group>"; };
/* End PBXFileReference section */

/* Begin PBXFrameworksBuildPhase section */
		02E6138A1FFD7D790030F485 /* Frameworks */ = {
			isa = PBXFrameworksBuildPhase;
			buildActionMask = 2147483647;
			files = (
				02E613D91FFD7EF70030F485 /* GPXKit.framework in Frameworks */,
			);
			runOnlyForDeploymentPostprocessing = 0;
		};
		02E6139F1FFD7D7A0030F485 /* Frameworks */ = {
			isa = PBXFrameworksBuildPhase;
			buildActionMask = 2147483647;
			files = (
			);
			runOnlyForDeploymentPostprocessing = 0;
		};
		02E613AA1FFD7D7A0030F485 /* Frameworks */ = {
			isa = PBXFrameworksBuildPhase;
			buildActionMask = 2147483647;
			files = (
			);
			runOnlyForDeploymentPostprocessing = 0;
		};
		02E613C01FFD7EF60030F485 /* Frameworks */ = {
			isa = PBXFrameworksBuildPhase;
			buildActionMask = 2147483647;
			files = (
			);
			runOnlyForDeploymentPostprocessing = 0;
		};
		02E613C91FFD7EF60030F485 /* Frameworks */ = {
			isa = PBXFrameworksBuildPhase;
			buildActionMask = 2147483647;
			files = (
				02E613CD1FFD7EF70030F485 /* GPXKit.framework in Frameworks */,
			);
			runOnlyForDeploymentPostprocessing = 0;
		};
/* End PBXFrameworksBuildPhase section */

/* Begin PBXGroup section */
		02E613841FFD7D790030F485 = {
			isa = PBXGroup;
			children = (
				02E6138F1FFD7D790030F485 /* Orienteer */,
				02E613A51FFD7D7A0030F485 /* OrienteerTests */,
				02E613B01FFD7D7A0030F485 /* OrienteerUITests */,
				02E613C51FFD7EF60030F485 /* GPXKit */,
				02E613D21FFD7EF70030F485 /* GPXKitTests */,
				02E6138E1FFD7D790030F485 /* Products */,
			);
			sourceTree = "<group>";
		};
		02E6138E1FFD7D790030F485 /* Products */ = {
			isa = PBXGroup;
			children = (
				02E6138D1FFD7D790030F485 /* Orienteer.app */,
				02E613A21FFD7D7A0030F485 /* OrienteerTests.xctest */,
				02E613AD1FFD7D7A0030F485 /* OrienteerUITests.xctest */,
				02E613C41FFD7EF60030F485 /* GPXKit.framework */,
				02E613CC1FFD7EF60030F485 /* GPXKitTests.xctest */,
			);
			name = Products;
			sourceTree = "<group>";
		};
		02E6138F1FFD7D790030F485 /* Orienteer */ = {
			isa = PBXGroup;
			children = (
				02E613901FFD7D790030F485 /* AppDelegate.swift */,
				02E613921FFD7D790030F485 /* Document.swift */,
				02E614101FFD81570030F485 /* Document.xib */,
				02E614121FFD819B0030F485 /* MainMenu.xib */,
				02E613971FFD7D790030F485 /* Assets.xcassets */,
				02E6139C1FFD7D7A0030F485 /* Info.plist */,
				02E6139D1FFD7D7A0030F485 /* Orienteer.entitlements */,
			);
			path = Orienteer;
			sourceTree = "<group>";
		};
		02E613A51FFD7D7A0030F485 /* OrienteerTests */ = {
			isa = PBXGroup;
			children = (
				02E613A61FFD7D7A0030F485 /* OrienteerTests.swift */,
				02E613A81FFD7D7A0030F485 /* Info.plist */,
			);
			path = OrienteerTests;
			sourceTree = "<group>";
		};
		02E613B01FFD7D7A0030F485 /* OrienteerUITests */ = {
			isa = PBXGroup;
			children = (
				02E613B11FFD7D7A0030F485 /* OrienteerUITests.swift */,
				02E613B31FFD7D7A0030F485 /* Info.plist */,
			);
			path = OrienteerUITests;
			sourceTree = "<group>";
		};
		02E613C51FFD7EF60030F485 /* GPXKit */ = {
			isa = PBXGroup;
			children = (
				02E613C61FFD7EF60030F485 /* GPXKit.h */,
				02E613E71FFD7F860030F485 /* Extensions */,
				02E613EA1FFD7F860030F485 /* Model */,
				02E613E21FFD7F860030F485 /* Parser */,
				02E613C71FFD7EF60030F485 /* Info.plist */,
			);
			path = GPXKit;
			sourceTree = "<group>";
		};
		02E613D21FFD7EF70030F485 /* GPXKitTests */ = {
			isa = PBXGroup;
			children = (
				02E6140A1FFD7FB00030F485 /* GPXKitTests.swift */,
				02E6140C1FFD7FBC0030F485 /* Test Files */,
				02E613D51FFD7EF70030F485 /* Info.plist */,
				02E614091FFD7FB00030F485 /* GPXKitTests-Bridging-Header.h */,
			);
			path = GPXKitTests;
			sourceTree = "<group>";
		};
		02E613E21FFD7F860030F485 /* Parser */ = {
			isa = PBXGroup;
			children = (
				02E613E31FFD7F860030F485 /* GPXParser.swift */,
				02E613E41FFD7F860030F485 /* GPXParserDelegate.swift */,
				02E613E51FFD7F860030F485 /* GPXExtensionParser.swift */,
				02E613E61FFD7F860030F485 /* GPXElement.swift */,
			);
			path = Parser;
			sourceTree = "<group>";
		};
		02E613E71FFD7F860030F485 /* Extensions */ = {
			isa = PBXGroup;
			children = (
				02E613E81FFD7F860030F485 /* GarminTrackPointExtensionParser.swift */,
				02E613E91FFD7F860030F485 /* GarminTrackPointExtension.swift */,
			);
			path = Extensions;
			sourceTree = "<group>";
		};
		02E613EA1FFD7F860030F485 /* Model */ = {
			isa = PBXGroup;
			children = (
				02E613EB1FFD7F860030F485 /* Metadata.swift */,
				02E613EC1FFD7F860030F485 /* FixType.swift */,
				02E613ED1FFD7F860030F485 /* Track.swift */,
				02E613EE1FFD7F860030F485 /* Bounds.swift */,
				02E613EF1FFD7F860030F485 /* WayPoint.swift */,
				02E613F01FFD7F860030F485 /* Person.swift */,
				02E613F11FFD7F860030F485 /* Link.swift */,
				02E613F21FFD7F860030F485 /* Copyright.swift */,
				02E613F31FFD7F860030F485 /* Segment.swift */,
				02E613F41FFD7F860030F485 /* GPSData.swift */,
				02E613F51FFD7F860030F485 /* GPXExtension.swift */,
				02E613F61FFD7F860030F485 /* Route.swift */,
			);
			path = Model;
			sourceTree = "<group>";
		};
		02E6140C1FFD7FBC0030F485 /* Test Files */ = {
			isa = PBXGroup;
			children = (
				02E6140D1FFD7FBC0030F485 /* Orienteringsloop_Amerongse_Berg_9km.gpx */,
			);
			path = "Test Files";
			sourceTree = "<group>";
		};
/* End PBXGroup section */

/* Begin PBXHeadersBuildPhase section */
		02E613C11FFD7EF60030F485 /* Headers */ = {
			isa = PBXHeadersBuildPhase;
			buildActionMask = 2147483647;
			files = (
				02E613D61FFD7EF70030F485 /* GPXKit.h in Headers */,
			);
			runOnlyForDeploymentPostprocessing = 0;
		};
/* End PBXHeadersBuildPhase section */

/* Begin PBXNativeTarget section */
		02E6138C1FFD7D790030F485 /* Orienteer */ = {
			isa = PBXNativeTarget;
			buildConfigurationList = 02E613B61FFD7D7A0030F485 /* Build configuration list for PBXNativeTarget "Orienteer" */;
			buildPhases = (
				02E613891FFD7D790030F485 /* Sources */,
				02E6138A1FFD7D790030F485 /* Frameworks */,
				02E6138B1FFD7D790030F485 /* Resources */,
				02E613E01FFD7EF70030F485 /* Embed Frameworks */,
			);
			buildRules = (
			);
			dependencies = (
				02E613D81FFD7EF70030F485 /* PBXTargetDependency */,
			);
			name = Orienteer;
			productName = Orienteer;
			productReference = 02E6138D1FFD7D790030F485 /* Orienteer.app */;
			productType = "com.apple.product-type.application";
		};
		02E613A11FFD7D7A0030F485 /* OrienteerTests */ = {
			isa = PBXNativeTarget;
			buildConfigurationList = 02E613B91FFD7D7A0030F485 /* Build configuration list for PBXNativeTarget "OrienteerTests" */;
			buildPhases = (
				02E6139E1FFD7D7A0030F485 /* Sources */,
				02E6139F1FFD7D7A0030F485 /* Frameworks */,
				02E613A01FFD7D7A0030F485 /* Resources */,
			);
			buildRules = (
			);
			dependencies = (
				02E613A41FFD7D7A0030F485 /* PBXTargetDependency */,
			);
			name = OrienteerTests;
			productName = OrienteerTests;
			productReference = 02E613A21FFD7D7A0030F485 /* OrienteerTests.xctest */;
			productType = "com.apple.product-type.bundle.unit-test";
		};
		02E613AC1FFD7D7A0030F485 /* OrienteerUITests */ = {
			isa = PBXNativeTarget;
			buildConfigurationList = 02E613BC1FFD7D7A0030F485 /* Build configuration list for PBXNativeTarget "OrienteerUITests" */;
			buildPhases = (
				02E613A91FFD7D7A0030F485 /* Sources */,
				02E613AA1FFD7D7A0030F485 /* Frameworks */,
				02E613AB1FFD7D7A0030F485 /* Resources */,
			);
			buildRules = (
			);
			dependencies = (
				02E613AF1FFD7D7A0030F485 /* PBXTargetDependency */,
			);
			name = OrienteerUITests;
			productName = OrienteerUITests;
			productReference = 02E613AD1FFD7D7A0030F485 /* OrienteerUITests.xctest */;
			productType = "com.apple.product-type.bundle.ui-testing";
		};
		02E613C31FFD7EF60030F485 /* GPXKit */ = {
			isa = PBXNativeTarget;
			buildConfigurationList = 02E613DF1FFD7EF70030F485 /* Build configuration list for PBXNativeTarget "GPXKit" */;
			buildPhases = (
				02E613BF1FFD7EF60030F485 /* Sources */,
				02E613C01FFD7EF60030F485 /* Frameworks */,
				02E613C11FFD7EF60030F485 /* Headers */,
				02E613C21FFD7EF60030F485 /* Resources */,
			);
			buildRules = (
			);
			dependencies = (
			);
			name = GPXKit;
			productName = GPXKit;
			productReference = 02E613C41FFD7EF60030F485 /* GPXKit.framework */;
			productType = "com.apple.product-type.framework";
		};
		02E613CB1FFD7EF60030F485 /* GPXKitTests */ = {
			isa = PBXNativeTarget;
			buildConfigurationList = 02E613E11FFD7EF70030F485 /* Build configuration list for PBXNativeTarget "GPXKitTests" */;
			buildPhases = (
				02E613C81FFD7EF60030F485 /* Sources */,
				02E613C91FFD7EF60030F485 /* Frameworks */,
				02E613CA1FFD7EF60030F485 /* Resources */,
			);
			buildRules = (
			);
			dependencies = (
				02E613CF1FFD7EF70030F485 /* PBXTargetDependency */,
				02E613D11FFD7EF70030F485 /* PBXTargetDependency */,
			);
			name = GPXKitTests;
			productName = GPXKitTests;
			productReference = 02E613CC1FFD7EF60030F485 /* GPXKitTests.xctest */;
			productType = "com.apple.product-type.bundle.unit-test";
		};
/* End PBXNativeTarget section */

/* Begin PBXProject section */
		02E613851FFD7D790030F485 /* Project object */ = {
			isa = PBXProject;
			attributes = {
				LastSwiftUpdateCheck = 0920;
				LastUpgradeCheck = 0920;
				ORGANIZATIONNAME = lapsedpacifist;
				TargetAttributes = {
					02E6138C1FFD7D790030F485 = {
						CreatedOnToolsVersion = 9.2;
						ProvisioningStyle = Automatic;
					};
					02E613A11FFD7D7A0030F485 = {
						CreatedOnToolsVersion = 9.2;
						ProvisioningStyle = Automatic;
						TestTargetID = 02E6138C1FFD7D790030F485;
					};
					02E613AC1FFD7D7A0030F485 = {
						CreatedOnToolsVersion = 9.2;
						ProvisioningStyle = Automatic;
						TestTargetID = 02E6138C1FFD7D790030F485;
					};
					02E613C31FFD7EF60030F485 = {
						CreatedOnToolsVersion = 9.2;
						ProvisioningStyle = Automatic;
					};
					02E613CB1FFD7EF60030F485 = {
						CreatedOnToolsVersion = 9.2;
						LastSwiftMigration = 0920;
						ProvisioningStyle = Automatic;
						TestTargetID = 02E6138C1FFD7D790030F485;
					};
				};
			};
			buildConfigurationList = 02E613881FFD7D790030F485 /* Build configuration list for PBXProject "Orienteer" */;
			compatibilityVersion = "Xcode 8.0";
			developmentRegion = en;
			hasScannedForEncodings = 0;
			knownRegions = (
				en,
				Base,
			);
			mainGroup = 02E613841FFD7D790030F485;
			productRefGroup = 02E6138E1FFD7D790030F485 /* Products */;
			projectDirPath = "";
			projectRoot = "";
			targets = (
				02E6138C1FFD7D790030F485 /* Orienteer */,
				02E613A11FFD7D7A0030F485 /* OrienteerTests */,
				02E613AC1FFD7D7A0030F485 /* OrienteerUITests */,
				02E613C31FFD7EF60030F485 /* GPXKit */,
				02E613CB1FFD7EF60030F485 /* GPXKitTests */,
			);
		};
/* End PBXProject section */

/* Begin PBXResourcesBuildPhase section */
		02E6138B1FFD7D790030F485 /* Resources */ = {
			isa = PBXResourcesBuildPhase;
			buildActionMask = 2147483647;
			files = (
				02E614111FFD81580030F485 /* Document.xib in Resources */,
				02E613981FFD7D790030F485 /* Assets.xcassets in Resources */,
				02E614131FFD819B0030F485 /* MainMenu.xib in Resources */,
			);
			runOnlyForDeploymentPostprocessing = 0;
		};
		02E613A01FFD7D7A0030F485 /* Resources */ = {
			isa = PBXResourcesBuildPhase;
			buildActionMask = 2147483647;
			files = (
			);
			runOnlyForDeploymentPostprocessing = 0;
		};
		02E613AB1FFD7D7A0030F485 /* Resources */ = {
			isa = PBXResourcesBuildPhase;
			buildActionMask = 2147483647;
			files = (
			);
			runOnlyForDeploymentPostprocessing = 0;
		};
		02E613C21FFD7EF60030F485 /* Resources */ = {
			isa = PBXResourcesBuildPhase;
			buildActionMask = 2147483647;
			files = (
			);
			runOnlyForDeploymentPostprocessing = 0;
		};
		02E613CA1FFD7EF60030F485 /* Resources */ = {
			isa = PBXResourcesBuildPhase;
			buildActionMask = 2147483647;
			files = (
				02E6140E1FFD7FBC0030F485 /* Orienteringsloop_Amerongse_Berg_9km.gpx in Resources */,
			);
			runOnlyForDeploymentPostprocessing = 0;
		};
/* End PBXResourcesBuildPhase section */

/* Begin PBXSourcesBuildPhase section */
		02E613891FFD7D790030F485 /* Sources */ = {
			isa = PBXSourcesBuildPhase;
			buildActionMask = 2147483647;
			files = (
				02E613931FFD7D790030F485 /* Document.swift in Sources */,
				02E613911FFD7D790030F485 /* AppDelegate.swift in Sources */,
			);
			runOnlyForDeploymentPostprocessing = 0;
		};
		02E6139E1FFD7D7A0030F485 /* Sources */ = {
			isa = PBXSourcesBuildPhase;
			buildActionMask = 2147483647;
			files = (
				02E613A71FFD7D7A0030F485 /* OrienteerTests.swift in Sources */,
			);
			runOnlyForDeploymentPostprocessing = 0;
		};
		02E613A91FFD7D7A0030F485 /* Sources */ = {
			isa = PBXSourcesBuildPhase;
			buildActionMask = 2147483647;
			files = (
				02E613B21FFD7D7A0030F485 /* OrienteerUITests.swift in Sources */,
			);
			runOnlyForDeploymentPostprocessing = 0;
		};
		02E613BF1FFD7EF60030F485 /* Sources */ = {
			isa = PBXSourcesBuildPhase;
			buildActionMask = 2147483647;
			files = (
				02E613FD1FFD7F860030F485 /* Metadata.swift in Sources */,
				02E614051FFD7F860030F485 /* Segment.swift in Sources */,
				02E613FE1FFD7F860030F485 /* FixType.swift in Sources */,
				02E613FA1FFD7F860030F485 /* GPXElement.swift in Sources */,
				02E613F71FFD7F860030F485 /* GPXParser.swift in Sources */,
				02E613F91FFD7F860030F485 /* GPXExtensionParser.swift in Sources */,
				02E614031FFD7F860030F485 /* Link.swift in Sources */,
				02E614071FFD7F860030F485 /* GPXExtension.swift in Sources */,
				02E613FF1FFD7F860030F485 /* Track.swift in Sources */,
				02E614081FFD7F860030F485 /* Route.swift in Sources */,
				02E614021FFD7F860030F485 /* Person.swift in Sources */,
				02E614001FFD7F860030F485 /* Bounds.swift in Sources */,
				02E613F81FFD7F860030F485 /* GPXParserDelegate.swift in Sources */,
				02E614011FFD7F860030F485 /* WayPoint.swift in Sources */,
				02E614061FFD7F860030F485 /* GPSData.swift in Sources */,
				02E614041FFD7F860030F485 /* Copyright.swift in Sources */,
				02E613FC1FFD7F860030F485 /* GarminTrackPointExtension.swift in Sources */,
				02E613FB1FFD7F860030F485 /* GarminTrackPointExtensionParser.swift in Sources */,
			);
			runOnlyForDeploymentPostprocessing = 0;
		};
		02E613C81FFD7EF60030F485 /* Sources */ = {
			isa = PBXSourcesBuildPhase;
			buildActionMask = 2147483647;
			files = (
				02E6140B1FFD7FB00030F485 /* GPXKitTests.swift in Sources */,
			);
			runOnlyForDeploymentPostprocessing = 0;
		};
/* End PBXSourcesBuildPhase section */

/* Begin PBXTargetDependency section */
		02E613A41FFD7D7A0030F485 /* PBXTargetDependency */ = {
			isa = PBXTargetDependency;
			target = 02E6138C1FFD7D790030F485 /* Orienteer */;
			targetProxy = 02E613A31FFD7D7A0030F485 /* PBXContainerItemProxy */;
		};
		02E613AF1FFD7D7A0030F485 /* PBXTargetDependency */ = {
			isa = PBXTargetDependency;
			target = 02E6138C1FFD7D790030F485 /* Orienteer */;
			targetProxy = 02E613AE1FFD7D7A0030F485 /* PBXContainerItemProxy */;
		};
		02E613CF1FFD7EF70030F485 /* PBXTargetDependency */ = {
			isa = PBXTargetDependency;
			target = 02E613C31FFD7EF60030F485 /* GPXKit */;
			targetProxy = 02E613CE1FFD7EF70030F485 /* PBXContainerItemProxy */;
		};
		02E613D11FFD7EF70030F485 /* PBXTargetDependency */ = {
			isa = PBXTargetDependency;
			target = 02E6138C1FFD7D790030F485 /* Orienteer */;
			targetProxy = 02E613D01FFD7EF70030F485 /* PBXContainerItemProxy */;
		};
		02E613D81FFD7EF70030F485 /* PBXTargetDependency */ = {
			isa = PBXTargetDependency;
			target = 02E613C31FFD7EF60030F485 /* GPXKit */;
			targetProxy = 02E613D71FFD7EF70030F485 /* PBXContainerItemProxy */;
		};
/* End PBXTargetDependency section */

/* Begin XCBuildConfiguration section */
		02E613B41FFD7D7A0030F485 /* Debug */ = {
			isa = XCBuildConfiguration;
			buildSettings = {
				ALWAYS_SEARCH_USER_PATHS = NO;
				CLANG_ANALYZER_NONNULL = YES;
				CLANG_ANALYZER_NUMBER_OBJECT_CONVERSION = YES_AGGRESSIVE;
				CLANG_CXX_LANGUAGE_STANDARD = "gnu++14";
				CLANG_CXX_LIBRARY = "libc++";
				CLANG_ENABLE_MODULES = YES;
				CLANG_ENABLE_OBJC_ARC = YES;
				CLANG_WARN_BLOCK_CAPTURE_AUTORELEASING = YES;
				CLANG_WARN_BOOL_CONVERSION = YES;
				CLANG_WARN_COMMA = YES;
				CLANG_WARN_CONSTANT_CONVERSION = YES;
				CLANG_WARN_DIRECT_OBJC_ISA_USAGE = YES_ERROR;
				CLANG_WARN_DOCUMENTATION_COMMENTS = YES;
				CLANG_WARN_EMPTY_BODY = YES;
				CLANG_WARN_ENUM_CONVERSION = YES;
				CLANG_WARN_INFINITE_RECURSION = YES;
				CLANG_WARN_INT_CONVERSION = YES;
				CLANG_WARN_NON_LITERAL_NULL_CONVERSION = YES;
				CLANG_WARN_OBJC_LITERAL_CONVERSION = YES;
				CLANG_WARN_OBJC_ROOT_CLASS = YES_ERROR;
				CLANG_WARN_RANGE_LOOP_ANALYSIS = YES;
				CLANG_WARN_STRICT_PROTOTYPES = YES;
				CLANG_WARN_SUSPICIOUS_MOVE = YES;
				CLANG_WARN_UNGUARDED_AVAILABILITY = YES_AGGRESSIVE;
				CLANG_WARN_UNREACHABLE_CODE = YES;
				CLANG_WARN__DUPLICATE_METHOD_MATCH = YES;
				CODE_SIGN_IDENTITY = "Mac Developer";
				COPY_PHASE_STRIP = NO;
				DEBUG_INFORMATION_FORMAT = dwarf;
				ENABLE_STRICT_OBJC_MSGSEND = YES;
				ENABLE_TESTABILITY = YES;
				GCC_C_LANGUAGE_STANDARD = gnu11;
				GCC_DYNAMIC_NO_PIC = NO;
				GCC_NO_COMMON_BLOCKS = YES;
				GCC_OPTIMIZATION_LEVEL = 0;
				GCC_PREPROCESSOR_DEFINITIONS = (
					"DEBUG=1",
					"$(inherited)",
				);
				GCC_WARN_64_TO_32_BIT_CONVERSION = YES;
				GCC_WARN_ABOUT_RETURN_TYPE = YES_ERROR;
				GCC_WARN_UNDECLARED_SELECTOR = YES;
				GCC_WARN_UNINITIALIZED_AUTOS = YES_AGGRESSIVE;
				GCC_WARN_UNUSED_FUNCTION = YES;
				GCC_WARN_UNUSED_VARIABLE = YES;
				MACOSX_DEPLOYMENT_TARGET = 10.13;
				MTL_ENABLE_DEBUG_INFO = YES;
				ONLY_ACTIVE_ARCH = YES;
				SDKROOT = macosx;
				SWIFT_ACTIVE_COMPILATION_CONDITIONS = DEBUG;
				SWIFT_OPTIMIZATION_LEVEL = "-Onone";
			};
			name = Debug;
		};
		02E613B51FFD7D7A0030F485 /* Release */ = {
			isa = XCBuildConfiguration;
			buildSettings = {
				ALWAYS_SEARCH_USER_PATHS = NO;
				CLANG_ANALYZER_NONNULL = YES;
				CLANG_ANALYZER_NUMBER_OBJECT_CONVERSION = YES_AGGRESSIVE;
				CLANG_CXX_LANGUAGE_STANDARD = "gnu++14";
				CLANG_CXX_LIBRARY = "libc++";
				CLANG_ENABLE_MODULES = YES;
				CLANG_ENABLE_OBJC_ARC = YES;
				CLANG_WARN_BLOCK_CAPTURE_AUTORELEASING = YES;
				CLANG_WARN_BOOL_CONVERSION = YES;
				CLANG_WARN_COMMA = YES;
				CLANG_WARN_CONSTANT_CONVERSION = YES;
				CLANG_WARN_DIRECT_OBJC_ISA_USAGE = YES_ERROR;
				CLANG_WARN_DOCUMENTATION_COMMENTS = YES;
				CLANG_WARN_EMPTY_BODY = YES;
				CLANG_WARN_ENUM_CONVERSION = YES;
				CLANG_WARN_INFINITE_RECURSION = YES;
				CLANG_WARN_INT_CONVERSION = YES;
				CLANG_WARN_NON_LITERAL_NULL_CONVERSION = YES;
				CLANG_WARN_OBJC_LITERAL_CONVERSION = YES;
				CLANG_WARN_OBJC_ROOT_CLASS = YES_ERROR;
				CLANG_WARN_RANGE_LOOP_ANALYSIS = YES;
				CLANG_WARN_STRICT_PROTOTYPES = YES;
				CLANG_WARN_SUSPICIOUS_MOVE = YES;
				CLANG_WARN_UNGUARDED_AVAILABILITY = YES_AGGRESSIVE;
				CLANG_WARN_UNREACHABLE_CODE = YES;
				CLANG_WARN__DUPLICATE_METHOD_MATCH = YES;
				CODE_SIGN_IDENTITY = "Mac Developer";
				COPY_PHASE_STRIP = NO;
				DEBUG_INFORMATION_FORMAT = "dwarf-with-dsym";
				ENABLE_NS_ASSERTIONS = NO;
				ENABLE_STRICT_OBJC_MSGSEND = YES;
				GCC_C_LANGUAGE_STANDARD = gnu11;
				GCC_NO_COMMON_BLOCKS = YES;
				GCC_WARN_64_TO_32_BIT_CONVERSION = YES;
				GCC_WARN_ABOUT_RETURN_TYPE = YES_ERROR;
				GCC_WARN_UNDECLARED_SELECTOR = YES;
				GCC_WARN_UNINITIALIZED_AUTOS = YES_AGGRESSIVE;
				GCC_WARN_UNUSED_FUNCTION = YES;
				GCC_WARN_UNUSED_VARIABLE = YES;
				MACOSX_DEPLOYMENT_TARGET = 10.13;
				MTL_ENABLE_DEBUG_INFO = NO;
				SDKROOT = macosx;
				SWIFT_OPTIMIZATION_LEVEL = "-Owholemodule";
			};
			name = Release;
		};
		02E613B71FFD7D7A0030F485 /* Debug */ = {
			isa = XCBuildConfiguration;
			buildSettings = {
				ALWAYS_EMBED_SWIFT_STANDARD_LIBRARIES = YES;
				ASSETCATALOG_COMPILER_APPICON_NAME = AppIcon;
				CODE_SIGN_ENTITLEMENTS = Orienteer/Orienteer.entitlements;
				CODE_SIGN_STYLE = Automatic;
				COMBINE_HIDPI_IMAGES = YES;
				DEVELOPMENT_TEAM = J2S9726G2L;
				INFOPLIST_FILE = Orienteer/Info.plist;
				LD_RUNPATH_SEARCH_PATHS = "$(inherited) @executable_path/../Frameworks";
				PRODUCT_BUNDLE_IDENTIFIER = com.lapsedpacifist.Orienteer;
				PRODUCT_NAME = "$(TARGET_NAME)";
				SWIFT_VERSION = 4.0;
			};
			name = Debug;
		};
		02E613B81FFD7D7A0030F485 /* Release */ = {
			isa = XCBuildConfiguration;
			buildSettings = {
				ALWAYS_EMBED_SWIFT_STANDARD_LIBRARIES = YES;
				ASSETCATALOG_COMPILER_APPICON_NAME = AppIcon;
				CODE_SIGN_ENTITLEMENTS = Orienteer/Orienteer.entitlements;
				CODE_SIGN_STYLE = Automatic;
				COMBINE_HIDPI_IMAGES = YES;
				DEVELOPMENT_TEAM = J2S9726G2L;
				INFOPLIST_FILE = Orienteer/Info.plist;
				LD_RUNPATH_SEARCH_PATHS = "$(inherited) @executable_path/../Frameworks";
				PRODUCT_BUNDLE_IDENTIFIER = com.lapsedpacifist.Orienteer;
				PRODUCT_NAME = "$(TARGET_NAME)";
				SWIFT_VERSION = 4.0;
			};
			name = Release;
		};
		02E613BA1FFD7D7A0030F485 /* Debug */ = {
			isa = XCBuildConfiguration;
			buildSettings = {
				ALWAYS_EMBED_SWIFT_STANDARD_LIBRARIES = YES;
				BUNDLE_LOADER = "$(TEST_HOST)";
				CODE_SIGN_STYLE = Automatic;
				COMBINE_HIDPI_IMAGES = YES;
				DEVELOPMENT_TEAM = J2S9726G2L;
				INFOPLIST_FILE = OrienteerTests/Info.plist;
				LD_RUNPATH_SEARCH_PATHS = "$(inherited) @executable_path/../Frameworks @loader_path/../Frameworks";
				PRODUCT_BUNDLE_IDENTIFIER = com.lapsedpacifist.OrienteerTests;
				PRODUCT_NAME = "$(TARGET_NAME)";
				SWIFT_VERSION = 4.0;
				TEST_HOST = "$(BUILT_PRODUCTS_DIR)/Orienteer.app/Contents/MacOS/Orienteer";
			};
			name = Debug;
		};
		02E613BB1FFD7D7A0030F485 /* Release */ = {
			isa = XCBuildConfiguration;
			buildSettings = {
				ALWAYS_EMBED_SWIFT_STANDARD_LIBRARIES = YES;
				BUNDLE_LOADER = "$(TEST_HOST)";
				CODE_SIGN_STYLE = Automatic;
				COMBINE_HIDPI_IMAGES = YES;
				DEVELOPMENT_TEAM = J2S9726G2L;
				INFOPLIST_FILE = OrienteerTests/Info.plist;
				LD_RUNPATH_SEARCH_PATHS = "$(inherited) @executable_path/../Frameworks @loader_path/../Frameworks";
				PRODUCT_BUNDLE_IDENTIFIER = com.lapsedpacifist.OrienteerTests;
				PRODUCT_NAME = "$(TARGET_NAME)";
				SWIFT_VERSION = 4.0;
				TEST_HOST = "$(BUILT_PRODUCTS_DIR)/Orienteer.app/Contents/MacOS/Orienteer";
			};
			name = Release;
		};
		02E613BD1FFD7D7A0030F485 /* Debug */ = {
			isa = XCBuildConfiguration;
			buildSettings = {
				ALWAYS_EMBED_SWIFT_STANDARD_LIBRARIES = YES;
				CODE_SIGN_STYLE = Automatic;
				COMBINE_HIDPI_IMAGES = YES;
				DEVELOPMENT_TEAM = J2S9726G2L;
				INFOPLIST_FILE = OrienteerUITests/Info.plist;
				LD_RUNPATH_SEARCH_PATHS = "$(inherited) @executable_path/../Frameworks @loader_path/../Frameworks";
				PRODUCT_BUNDLE_IDENTIFIER = com.lapsedpacifist.OrienteerUITests;
				PRODUCT_NAME = "$(TARGET_NAME)";
				SWIFT_VERSION = 4.0;
				TEST_TARGET_NAME = Orienteer;
			};
			name = Debug;
		};
		02E613BE1FFD7D7A0030F485 /* Release */ = {
			isa = XCBuildConfiguration;
			buildSettings = {
				ALWAYS_EMBED_SWIFT_STANDARD_LIBRARIES = YES;
				CODE_SIGN_STYLE = Automatic;
				COMBINE_HIDPI_IMAGES = YES;
				DEVELOPMENT_TEAM = J2S9726G2L;
				INFOPLIST_FILE = OrienteerUITests/Info.plist;
				LD_RUNPATH_SEARCH_PATHS = "$(inherited) @executable_path/../Frameworks @loader_path/../Frameworks";
				PRODUCT_BUNDLE_IDENTIFIER = com.lapsedpacifist.OrienteerUITests;
				PRODUCT_NAME = "$(TARGET_NAME)";
				SWIFT_VERSION = 4.0;
				TEST_TARGET_NAME = Orienteer;
			};
			name = Release;
		};
		02E613DB1FFD7EF70030F485 /* Debug */ = {
			isa = XCBuildConfiguration;
			buildSettings = {
				CODE_SIGN_IDENTITY = "";
				CODE_SIGN_STYLE = Automatic;
				COMBINE_HIDPI_IMAGES = YES;
				CURRENT_PROJECT_VERSION = 1;
				DEFINES_MODULE = YES;
				DEVELOPMENT_TEAM = J2S9726G2L;
				DYLIB_COMPATIBILITY_VERSION = 1;
				DYLIB_CURRENT_VERSION = 1;
				DYLIB_INSTALL_NAME_BASE = "@rpath";
				FRAMEWORK_VERSION = A;
				INFOPLIST_FILE = GPXKit/Info.plist;
				INSTALL_PATH = "$(LOCAL_LIBRARY_DIR)/Frameworks";
				LD_RUNPATH_SEARCH_PATHS = "$(inherited) @executable_path/../Frameworks @loader_path/Frameworks";
				PRODUCT_BUNDLE_IDENTIFIER = com.lapsedpacifist.GPXKit;
				PRODUCT_NAME = "$(TARGET_NAME:c99extidentifier)";
				SKIP_INSTALL = YES;
				SWIFT_VERSION = 4.0;
				VERSIONING_SYSTEM = "apple-generic";
				VERSION_INFO_PREFIX = "";
			};
			name = Debug;
		};
		02E613DC1FFD7EF70030F485 /* Release */ = {
			isa = XCBuildConfiguration;
			buildSettings = {
				CODE_SIGN_IDENTITY = "";
				CODE_SIGN_STYLE = Automatic;
				COMBINE_HIDPI_IMAGES = YES;
				CURRENT_PROJECT_VERSION = 1;
				DEFINES_MODULE = YES;
				DEVELOPMENT_TEAM = J2S9726G2L;
				DYLIB_COMPATIBILITY_VERSION = 1;
				DYLIB_CURRENT_VERSION = 1;
				DYLIB_INSTALL_NAME_BASE = "@rpath";
				FRAMEWORK_VERSION = A;
				INFOPLIST_FILE = GPXKit/Info.plist;
				INSTALL_PATH = "$(LOCAL_LIBRARY_DIR)/Frameworks";
				LD_RUNPATH_SEARCH_PATHS = "$(inherited) @executable_path/../Frameworks @loader_path/Frameworks";
				PRODUCT_BUNDLE_IDENTIFIER = com.lapsedpacifist.GPXKit;
				PRODUCT_NAME = "$(TARGET_NAME:c99extidentifier)";
				SKIP_INSTALL = YES;
				SWIFT_VERSION = 4.0;
				VERSIONING_SYSTEM = "apple-generic";
				VERSION_INFO_PREFIX = "";
			};
			name = Release;
		};
		02E613DD1FFD7EF70030F485 /* Debug */ = {
			isa = XCBuildConfiguration;
			buildSettings = {
				ALWAYS_EMBED_SWIFT_STANDARD_LIBRARIES = YES;
				CLANG_ENABLE_MODULES = YES;
				CODE_SIGN_STYLE = Automatic;
				COMBINE_HIDPI_IMAGES = YES;
				DEVELOPMENT_TEAM = J2S9726G2L;
				INFOPLIST_FILE = GPXKitTests/Info.plist;
				LD_RUNPATH_SEARCH_PATHS = "$(inherited) @executable_path/../Frameworks @loader_path/../Frameworks";
				PRODUCT_BUNDLE_IDENTIFIER = com.lapsedpacifist.GPXKitTests;
				PRODUCT_NAME = "$(TARGET_NAME)";
				SWIFT_OBJC_BRIDGING_HEADER = "GPXKitTests/GPXKitTests-Bridging-Header.h";
				SWIFT_OPTIMIZATION_LEVEL = "-Onone";
				SWIFT_VERSION = 4.0;
				TEST_HOST = "$(BUILT_PRODUCTS_DIR)/Orienteer.app/Contents/MacOS/Orienteer";
			};
			name = Debug;
		};
		02E613DE1FFD7EF70030F485 /* Release */ = {
			isa = XCBuildConfiguration;
			buildSettings = {
				ALWAYS_EMBED_SWIFT_STANDARD_LIBRARIES = YES;
				CLANG_ENABLE_MODULES = YES;
				CODE_SIGN_STYLE = Automatic;
				COMBINE_HIDPI_IMAGES = YES;
				DEVELOPMENT_TEAM = J2S9726G2L;
				INFOPLIST_FILE = GPXKitTests/Info.plist;
				LD_RUNPATH_SEARCH_PATHS = "$(inherited) @executable_path/../Frameworks @loader_path/../Frameworks";
				PRODUCT_BUNDLE_IDENTIFIER = com.lapsedpacifist.GPXKitTests;
				PRODUCT_NAME = "$(TARGET_NAME)";
				SWIFT_OBJC_BRIDGING_HEADER = "GPXKitTests/GPXKitTests-Bridging-Header.h";
				SWIFT_VERSION = 4.0;
				TEST_HOST = "$(BUILT_PRODUCTS_DIR)/Orienteer.app/Contents/MacOS/Orienteer";
			};
			name = Release;
		};
/* End XCBuildConfiguration section */

/* Begin XCConfigurationList section */
		02E613881FFD7D790030F485 /* Build configuration list for PBXProject "Orienteer" */ = {
			isa = XCConfigurationList;
			buildConfigurations = (
				02E613B41FFD7D7A0030F485 /* Debug */,
				02E613B51FFD7D7A0030F485 /* Release */,
			);
			defaultConfigurationIsVisible = 0;
			defaultConfigurationName = Release;
		};
		02E613B61FFD7D7A0030F485 /* Build configuration list for PBXNativeTarget "Orienteer" */ = {
			isa = XCConfigurationList;
			buildConfigurations = (
				02E613B71FFD7D7A0030F485 /* Debug */,
				02E613B81FFD7D7A0030F485 /* Release */,
			);
			defaultConfigurationIsVisible = 0;
			defaultConfigurationName = Release;
		};
		02E613B91FFD7D7A0030F485 /* Build configuration list for PBXNativeTarget "OrienteerTests" */ = {
			isa = XCConfigurationList;
			buildConfigurations = (
				02E613BA1FFD7D7A0030F485 /* Debug */,
				02E613BB1FFD7D7A0030F485 /* Release */,
			);
			defaultConfigurationIsVisible = 0;
			defaultConfigurationName = Release;
		};
		02E613BC1FFD7D7A0030F485 /* Build configuration list for PBXNativeTarget "OrienteerUITests" */ = {
			isa = XCConfigurationList;
			buildConfigurations = (
				02E613BD1FFD7D7A0030F485 /* Debug */,
				02E613BE1FFD7D7A0030F485 /* Release */,
			);
			defaultConfigurationIsVisible = 0;
			defaultConfigurationName = Release;
		};
		02E613DF1FFD7EF70030F485 /* Build configuration list for PBXNativeTarget "GPXKit" */ = {
			isa = XCConfigurationList;
			buildConfigurations = (
				02E613DB1FFD7EF70030F485 /* Debug */,
				02E613DC1FFD7EF70030F485 /* Release */,
			);
			defaultConfigurationIsVisible = 0;
			defaultConfigurationName = Release;
		};
		02E613E11FFD7EF70030F485 /* Build configuration list for PBXNativeTarget "GPXKitTests" */ = {
			isa = XCConfigurationList;
			buildConfigurations = (
				02E613DD1FFD7EF70030F485 /* Debug */,
				02E613DE1FFD7EF70030F485 /* Release */,
			);
			defaultConfigurationIsVisible = 0;
			defaultConfigurationName = Release;
		};
/* End XCConfigurationList section */
	};
	rootObject = 02E613851FFD7D790030F485 /* Project object */;
}
